// !$*UTF8*$!
{
	archiveVersion = 1;
	classes = {
	};
	objectVersion = 50;
	objects = {

/* Begin PBXBuildFile section */
		FE1C68D42977C3BE0004051B /* ExternalAccessory.framework in Frameworks */ = {isa = PBXBuildFile; fileRef = FE1C68D32977C3BE0004051B /* ExternalAccessory.framework */; };
		FECCEA63297711D100CB1CDC /* AppDelegate.swift in Sources */ = {isa = PBXBuildFile; fileRef = FECCEA62297711D100CB1CDC /* AppDelegate.swift */; };
		FECCEA65297711D100CB1CDC /* SceneDelegate.swift in Sources */ = {isa = PBXBuildFile; fileRef = FECCEA64297711D100CB1CDC /* SceneDelegate.swift */; };
		FECCEA67297711D100CB1CDC /* ViewController.swift in Sources */ = {isa = PBXBuildFile; fileRef = FECCEA66297711D100CB1CDC /* ViewController.swift */; };
		FECCEA6A297711D100CB1CDC /* Main.storyboard in Resources */ = {isa = PBXBuildFile; fileRef = FECCEA68297711D100CB1CDC /* Main.storyboard */; };
		FECCEA6C297711D300CB1CDC /* Assets.xcassets in Resources */ = {isa = PBXBuildFile; fileRef = FECCEA6B297711D300CB1CDC /* Assets.xcassets */; };
		FECCEA6F297711D300CB1CDC /* LaunchScreen.storyboard in Resources */ = {isa = PBXBuildFile; fileRef = FECCEA6D297711D300CB1CDC /* LaunchScreen.storyboard */; };
		FED92CB3298371990037ADA6 /* CoreGraphics.framework in Frameworks */ = {isa = PBXBuildFile; fileRef = FED92CB2298371990037ADA6 /* CoreGraphics.framework */; };
/* End PBXBuildFile section */

/* Begin PBXFileReference section */
		FE1C68D12977C3BE0004051B /* getPairs.entitlements */ = {isa = PBXFileReference; lastKnownFileType = text.plist.entitlements; path = getPairs.entitlements; sourceTree = "<group>"; };
		FE1C68D32977C3BE0004051B /* ExternalAccessory.framework */ = {isa = PBXFileReference; lastKnownFileType = wrapper.framework; name = ExternalAccessory.framework; path = System/Library/Frameworks/ExternalAccessory.framework; sourceTree = SDKROOT; };
		FECCEA5F297711D100CB1CDC /* getPairs.app */ = {isa = PBXFileReference; explicitFileType = wrapper.application; includeInIndex = 0; path = getPairs.app; sourceTree = BUILT_PRODUCTS_DIR; };
		FECCEA62297711D100CB1CDC /* AppDelegate.swift */ = {isa = PBXFileReference; lastKnownFileType = sourcecode.swift; path = AppDelegate.swift; sourceTree = "<group>"; };
		FECCEA64297711D100CB1CDC /* SceneDelegate.swift */ = {isa = PBXFileReference; lastKnownFileType = sourcecode.swift; path = SceneDelegate.swift; sourceTree = "<group>"; };
		FECCEA66297711D100CB1CDC /* ViewController.swift */ = {isa = PBXFileReference; lastKnownFileType = sourcecode.swift; path = ViewController.swift; sourceTree = "<group>"; };
		FECCEA69297711D100CB1CDC /* Base */ = {isa = PBXFileReference; lastKnownFileType = file.storyboard; name = Base; path = Base.lproj/Main.storyboard; sourceTree = "<group>"; };
		FECCEA6B297711D300CB1CDC /* Assets.xcassets */ = {isa = PBXFileReference; lastKnownFileType = folder.assetcatalog; path = Assets.xcassets; sourceTree = "<group>"; };
		FECCEA6E297711D300CB1CDC /* Base */ = {isa = PBXFileReference; lastKnownFileType = file.storyboard; name = Base; path = Base.lproj/LaunchScreen.storyboard; sourceTree = "<group>"; };
		FECCEA70297711D300CB1CDC /* Info.plist */ = {isa = PBXFileReference; lastKnownFileType = text.plist.xml; path = Info.plist; sourceTree = "<group>"; };
		FED92CB2298371990037ADA6 /* CoreGraphics.framework */ = {isa = PBXFileReference; lastKnownFileType = wrapper.framework; name = CoreGraphics.framework; path = System/Library/Frameworks/CoreGraphics.framework; sourceTree = SDKROOT; };
/* End PBXFileReference section */

/* Begin PBXFrameworksBuildPhase section */
		FECCEA5C297711D100CB1CDC /* Frameworks */ = {
			isa = PBXFrameworksBuildPhase;
			buildActionMask = 2147483647;
			files = (
				FED92CB3298371990037ADA6 /* CoreGraphics.framework in Frameworks */,
				FE1C68D42977C3BE0004051B /* ExternalAccessory.framework in Frameworks */,
			);
			runOnlyForDeploymentPostprocessing = 0;
		};
/* End PBXFrameworksBuildPhase section */

/* Begin PBXGroup section */
		FE1C68D22977C3BE0004051B /* Frameworks */ = {
			isa = PBXGroup;
			children = (
				FED92CB2298371990037ADA6 /* CoreGraphics.framework */,
				FE1C68D32977C3BE0004051B /* ExternalAccessory.framework */,
			);
			name = Frameworks;
			sourceTree = "<group>";
		};
		FECCEA56297711D100CB1CDC = {
			isa = PBXGroup;
			children = (
				FECCEA61297711D100CB1CDC /* getPairs */,
				FECCEA60297711D100CB1CDC /* Products */,
				FE1C68D22977C3BE0004051B /* Frameworks */,
			);
			sourceTree = "<group>";
		};
		FECCEA60297711D100CB1CDC /* Products */ = {
			isa = PBXGroup;
			children = (
				FECCEA5F297711D100CB1CDC /* getPairs.app */,
			);
			name = Products;
			sourceTree = "<group>";
		};
		FECCEA61297711D100CB1CDC /* getPairs */ = {
			isa = PBXGroup;
			children = (
				FE1C68D12977C3BE0004051B /* getPairs.entitlements */,
				FECCEA62297711D100CB1CDC /* AppDelegate.swift */,
				FECCEA64297711D100CB1CDC /* SceneDelegate.swift */,
				FECCEA66297711D100CB1CDC /* ViewController.swift */,
				FECCEA68297711D100CB1CDC /* Main.storyboard */,
				FECCEA6B297711D300CB1CDC /* Assets.xcassets */,
				FECCEA6D297711D300CB1CDC /* LaunchScreen.storyboard */,
				FECCEA70297711D300CB1CDC /* Info.plist */,
			);
			path = getPairs;
			sourceTree = "<group>";
		};
/* End PBXGroup section */

/* Begin PBXNativeTarget section */
		FECCEA5E297711D100CB1CDC /* getPairs */ = {
			isa = PBXNativeTarget;
			buildConfigurationList = FECCEA73297711D300CB1CDC /* Build configuration list for PBXNativeTarget "getPairs" */;
			buildPhases = (
				FECCEA5B297711D100CB1CDC /* Sources */,
				FECCEA5C297711D100CB1CDC /* Frameworks */,
				FECCEA5D297711D100CB1CDC /* Resources */,
			);
			buildRules = (
			);
			dependencies = (
			);
			name = getPairs;
			productName = getPairs;
			productReference = FECCEA5F297711D100CB1CDC /* getPairs.app */;
			productType = "com.apple.product-type.application";
		};
/* End PBXNativeTarget section */

/* Begin PBXProject section */
		FECCEA57297711D100CB1CDC /* Project object */ = {
			isa = PBXProject;
			attributes = {
				LastSwiftUpdateCheck = 1170;
				LastUpgradeCheck = 1170;
				ORGANIZATIONNAME = "Victor Kim";
				TargetAttributes = {
					FECCEA5E297711D100CB1CDC = {
						CreatedOnToolsVersion = 11.7;
					};
				};
			};
			buildConfigurationList = FECCEA5A297711D100CB1CDC /* Build configuration list for PBXProject "getPairs" */;
			compatibilityVersion = "Xcode 9.3";
			developmentRegion = en;
			hasScannedForEncodings = 0;
			knownRegions = (
				en,
				Base,
			);
			mainGroup = FECCEA56297711D100CB1CDC;
			productRefGroup = FECCEA60297711D100CB1CDC /* Products */;
			projectDirPath = "";
			projectRoot = "";
			targets = (
				FECCEA5E297711D100CB1CDC /* getPairs */,
			);
		};
/* End PBXProject section */

/* Begin PBXResourcesBuildPhase section */
		FECCEA5D297711D100CB1CDC /* Resources */ = {
			isa = PBXResourcesBuildPhase;
			buildActionMask = 2147483647;
			files = (
				FECCEA6F297711D300CB1CDC /* LaunchScreen.storyboard in Resources */,
				FECCEA6C297711D300CB1CDC /* Assets.xcassets in Resources */,
				FECCEA6A297711D100CB1CDC /* Main.storyboard in Resources */,
			);
			runOnlyForDeploymentPostprocessing = 0;
		};
/* End PBXResourcesBuildPhase section */

/* Begin PBXSourcesBuildPhase section */
		FECCEA5B297711D100CB1CDC /* Sources */ = {
			isa = PBXSourcesBuildPhase;
			buildActionMask = 2147483647;
			files = (
				FECCEA67297711D100CB1CDC /* ViewController.swift in Sources */,
				FECCEA63297711D100CB1CDC /* AppDelegate.swift in Sources */,
				FECCEA65297711D100CB1CDC /* SceneDelegate.swift in Sources */,
			);
			runOnlyForDeploymentPostprocessing = 0;
		};
/* End PBXSourcesBuildPhase section */

/* Begin PBXVariantGroup section */
		FECCEA68297711D100CB1CDC /* Main.storyboard */ = {
			isa = PBXVariantGroup;
			children = (
				FECCEA69297711D100CB1CDC /* Base */,
			);
			name = Main.storyboard;
			sourceTree = "<group>";
		};
		FECCEA6D297711D300CB1CDC /* LaunchScreen.storyboard */ = {
			isa = PBXVariantGroup;
			children = (
				FECCEA6E297711D300CB1CDC /* Base */,
			);
			name = LaunchScreen.storyboard;
			sourceTree = "<group>";
		};
/* End PBXVariantGroup section */

/* Begin XCBuildConfiguration section */
		FECCEA71297711D300CB1CDC /* Debug */ = {
			isa = XCBuildConfiguration;
			buildSettings = {
				ALWAYS_SEARCH_USER_PATHS = NO;
				CLANG_ANALYZER_NONNULL = YES;
				CLANG_ANALYZER_NUMBER_OBJECT_CONVERSION = YES_AGGRESSIVE;
				CLANG_CXX_LANGUAGE_STANDARD = "gnu++14";
				CLANG_CXX_LIBRARY = "libc++";
				CLANG_ENABLE_MODULES = YES;
				CLANG_ENABLE_OBJC_ARC = YES;
				CLANG_ENABLE_OBJC_WEAK = YES;
				CLANG_WARN_BLOCK_CAPTURE_AUTORELEASING = YES;
				CLANG_WARN_BOOL_CONVERSION = YES;
				CLANG_WARN_COMMA = YES;
				CLANG_WARN_CONSTANT_CONVERSION = YES;
				CLANG_WARN_DEPRECATED_OBJC_IMPLEMENTATIONS = YES;
				CLANG_WARN_DIRECT_OBJC_ISA_USAGE = YES_ERROR;
				CLANG_WARN_DOCUMENTATION_COMMENTS = YES;
				CLANG_WARN_EMPTY_BODY = YES;
				CLANG_WARN_ENUM_CONVERSION = YES;
				CLANG_WARN_INFINITE_RECURSION = YES;
				CLANG_WARN_INT_CONVERSION = YES;
				CLANG_WARN_NON_LITERAL_NULL_CONVERSION = YES;
				CLANG_WARN_OBJC_IMPLICIT_RETAIN_SELF = YES;
				CLANG_WARN_OBJC_LITERAL_CONVERSION = YES;
				CLANG_WARN_OBJC_ROOT_CLASS = YES_ERROR;
				CLANG_WARN_RANGE_LOOP_ANALYSIS = YES;
				CLANG_WARN_STRICT_PROTOTYPES = YES;
				CLANG_WARN_SUSPICIOUS_MOVE = YES;
				CLANG_WARN_UNGUARDED_AVAILABILITY = YES_AGGRESSIVE;
				CLANG_WARN_UNREACHABLE_CODE = YES;
				CLANG_WARN__DUPLICATE_METHOD_MATCH = YES;
				COPY_PHASE_STRIP = NO;
				DEBUG_INFORMATION_FORMAT = dwarf;
				ENABLE_STRICT_OBJC_MSGSEND = YES;
				ENABLE_TESTABILITY = YES;
				GCC_C_LANGUAGE_STANDARD = gnu11;
				GCC_DYNAMIC_NO_PIC = NO;
				GCC_NO_COMMON_BLOCKS = YES;
				GCC_OPTIMIZATION_LEVEL = 0;
				GCC_PREPROCESSOR_DEFINITIONS = (
					"DEBUG=1",
					"$(inherited)",
				);
				GCC_WARN_64_TO_32_BIT_CONVERSION = YES;
				GCC_WARN_ABOUT_RETURN_TYPE = YES_ERROR;
				GCC_WARN_UNDECLARED_SELECTOR = YES;
				GCC_WARN_UNINITIALIZED_AUTOS = YES_AGGRESSIVE;
				GCC_WARN_UNUSED_FUNCTION = YES;
				GCC_WARN_UNUSED_VARIABLE = YES;
				IPHONEOS_DEPLOYMENT_TARGET = 13.7;
				MTL_ENABLE_DEBUG_INFO = INCLUDE_SOURCE;
				MTL_FAST_MATH = YES;
				ONLY_ACTIVE_ARCH = YES;
				SDKROOT = iphoneos;
				SWIFT_ACTIVE_COMPILATION_CONDITIONS = DEBUG;
				SWIFT_OPTIMIZATION_LEVEL = "-Onone";
			};
			name = Debug;
		};
		FECCEA72297711D300CB1CDC /* Release */ = {
			isa = XCBuildConfiguration;
			buildSettings = {
				ALWAYS_SEARCH_USER_PATHS = NO;
				CLANG_ANALYZER_NONNULL = YES;
				CLANG_ANALYZER_NUMBER_OBJECT_CONVERSION = YES_AGGRESSIVE;
				CLANG_CXX_LANGUAGE_STANDARD = "gnu++14";
				CLANG_CXX_LIBRARY = "libc++";
				CLANG_ENABLE_MODULES = YES;
				CLANG_ENABLE_OBJC_ARC = YES;
				CLANG_ENABLE_OBJC_WEAK = YES;
				CLANG_WARN_BLOCK_CAPTURE_AUTORELEASING = YES;
				CLANG_WARN_BOOL_CONVERSION = YES;
				CLANG_WARN_COMMA = YES;
				CLANG_WARN_CONSTANT_CONVERSION = YES;
				CLANG_WARN_DEPRECATED_OBJC_IMPLEMENTATIONS = YES;
				CLANG_WARN_DIRECT_OBJC_ISA_USAGE = YES_ERROR;
				CLANG_WARN_DOCUMENTATION_COMMENTS = YES;
				CLANG_WARN_EMPTY_BODY = YES;
				CLANG_WARN_ENUM_CONVERSION = YES;
				CLANG_WARN_INFINITE_RECURSION = YES;
				CLANG_WARN_INT_CONVERSION = YES;
				CLANG_WARN_NON_LITERAL_NULL_CONVERSION = YES;
				CLANG_WARN_OBJC_IMPLICIT_RETAIN_SELF = YES;
				CLANG_WARN_OBJC_LITERAL_CONVERSION = YES;
				CLANG_WARN_OBJC_ROOT_CLASS = YES_ERROR;
				CLANG_WARN_RANGE_LOOP_ANALYSIS = YES;
				CLANG_WARN_STRICT_PROTOTYPES = YES;
				CLANG_WARN_SUSPICIOUS_MOVE = YES;
				CLANG_WARN_UNGUARDED_AVAILABILITY = YES_AGGRESSIVE;
				CLANG_WARN_UNREACHABLE_CODE = YES;
				CLANG_WARN__DUPLICATE_METHOD_MATCH = YES;
				COPY_PHASE_STRIP = NO;
				DEBUG_INFORMATION_FORMAT = "dwarf-with-dsym";
				ENABLE_NS_ASSERTIONS = NO;
				ENABLE_STRICT_OBJC_MSGSEND = YES;
				GCC_C_LANGUAGE_STANDARD = gnu11;
				GCC_NO_COMMON_BLOCKS = YES;
				GCC_WARN_64_TO_32_BIT_CONVERSION = YES;
				GCC_WARN_ABOUT_RETURN_TYPE = YES_ERROR;
				GCC_WARN_UNDECLARED_SELECTOR = YES;
				GCC_WARN_UNINITIALIZED_AUTOS = YES_AGGRESSIVE;
				GCC_WARN_UNUSED_FUNCTION = YES;
				GCC_WARN_UNUSED_VARIABLE = YES;
				IPHONEOS_DEPLOYMENT_TARGET = 13.7;
				MTL_ENABLE_DEBUG_INFO = NO;
				MTL_FAST_MATH = YES;
				SDKROOT = iphoneos;
				SWIFT_COMPILATION_MODE = wholemodule;
				SWIFT_OPTIMIZATION_LEVEL = "-O";
				VALIDATE_PRODUCT = YES;
			};
			name = Release;
		};
		FECCEA74297711D300CB1CDC /* Debug */ = {
			isa = XCBuildConfiguration;
			buildSettings = {
				ASSETCATALOG_COMPILER_APPICON_NAME = AppIcon;
				CODE_SIGN_ENTITLEMENTS = getPairs/getPairs.entitlements;
				CODE_SIGN_IDENTITY = "Apple Development";
				CODE_SIGN_STYLE = Automatic;
				DEVELOPMENT_TEAM = 9TMP636P9X;
				INFOPLIST_FILE = getPairs/Info.plist;
				IPHONEOS_DEPLOYMENT_TARGET = 13.7;
				LD_RUNPATH_SEARCH_PATHS = (
					"$(inherited)",
					"@executable_path/Frameworks",
				);
				PRODUCT_BUNDLE_IDENTIFIER = support4pic.getPairs238476;
				PRODUCT_NAME = "$(TARGET_NAME)";
				SWIFT_VERSION = 5.0;
				TARGETED_DEVICE_FAMILY = "1,2";
			};
			name = Debug;
		};
		FECCEA75297711D300CB1CDC /* Release */ = {
			isa = XCBuildConfiguration;
			buildSettings = {
				ASSETCATALOG_COMPILER_APPICON_NAME = AppIcon;
				CODE_SIGN_ENTITLEMENTS = getPairs/getPairs.entitlements;
				CODE_SIGN_IDENTITY = "Apple Development";
				CODE_SIGN_STYLE = Automatic;
				DEVELOPMENT_TEAM = 9TMP636P9X;
				INFOPLIST_FILE = getPairs/Info.plist;
				IPHONEOS_DEPLOYMENT_TARGET = 13.7;
				LD_RUNPATH_SEARCH_PATHS = (
					"$(inherited)",
					"@executable_path/Frameworks",
				);
				PRODUCT_BUNDLE_IDENTIFIER = support4pic.getPairs238476;
				PRODUCT_NAME = "$(TARGET_NAME)";
				SWIFT_VERSION = 5.0;
				TARGETED_DEVICE_FAMILY = "1,2";
			};
			name = Release;
		};
/* End XCBuildConfiguration section */

/* Begin XCConfigurationList section */
		FECCEA5A297711D100CB1CDC /* Build configuration list for PBXProject "getPairs" */ = {
			isa = XCConfigurationList;
			buildConfigurations = (
				FECCEA71297711D300CB1CDC /* Debug */,
				FECCEA72297711D300CB1CDC /* Release */,
			);
			defaultConfigurationIsVisible = 0;
			defaultConfigurationName = Release;
		};
		FECCEA73297711D300CB1CDC /* Build configuration list for PBXNativeTarget "getPairs" */ = {
			isa = XCConfigurationList;
			buildConfigurations = (
				FECCEA74297711D300CB1CDC /* Debug */,
				FECCEA75297711D300CB1CDC /* Release */,
			);
			defaultConfigurationIsVisible = 0;
			defaultConfigurationName = Release;
		};
/* End XCConfigurationList section */
	};
	rootObject = FECCEA57297711D100CB1CDC /* Project object */;
}
